// !$*UTF8*$!
{
	archiveVersion = 1;
	classes = {
	};
	objectVersion = 46;
	objects = {

/* Begin PBXBuildFile section */
		7406121D1C84423F00FE02EC /* main.m in Sources */ = {isa = PBXBuildFile; fileRef = 7406121C1C84423F00FE02EC /* main.m */; };
		740612201C84423F00FE02EC /* AppDelegate.m in Sources */ = {isa = PBXBuildFile; fileRef = 7406121F1C84423F00FE02EC /* AppDelegate.m */; };
		740612231C84423F00FE02EC /* ViewController.m in Sources */ = {isa = PBXBuildFile; fileRef = 740612221C84423F00FE02EC /* ViewController.m */; };
		740612261C84423F00FE02EC /* Main.storyboard in Resources */ = {isa = PBXBuildFile; fileRef = 740612241C84423F00FE02EC /* Main.storyboard */; };
		740612281C84423F00FE02EC /* Assets.xcassets in Resources */ = {isa = PBXBuildFile; fileRef = 740612271C84423F00FE02EC /* Assets.xcassets */; };
		7406122B1C84423F00FE02EC /* LaunchScreen.storyboard in Resources */ = {isa = PBXBuildFile; fileRef = 740612291C84423F00FE02EC /* LaunchScreen.storyboard */; };
		740612361C84423F00FE02EC /* TestWkwebTests.m in Sources */ = {isa = PBXBuildFile; fileRef = 740612351C84423F00FE02EC /* TestWkwebTests.m */; };
		740612411C84423F00FE02EC /* TestWkwebUITests.m in Sources */ = {isa = PBXBuildFile; fileRef = 740612401C84423F00FE02EC /* TestWkwebUITests.m */; };
		7409A9731C868B0A000243CD /* WKButtonAction0.png in Resources */ = {isa = PBXBuildFile; fileRef = 7409A96E1C868B0A000243CD /* WKButtonAction0.png */; };
		7409A9741C868B0A000243CD /* WKButtonAction1.png in Resources */ = {isa = PBXBuildFile; fileRef = 7409A96F1C868B0A000243CD /* WKButtonAction1.png */; };
		7409A9751C868B0A000243CD /* WKButtonAction2.png in Resources */ = {isa = PBXBuildFile; fileRef = 7409A9701C868B0A000243CD /* WKButtonAction2.png */; };
		7409A9761C868B0A000243CD /* WKWebViewController.m in Sources */ = {isa = PBXBuildFile; fileRef = 7409A9721C868B0A000243CD /* WKWebViewController.m */; };
		740FAF3C1C8592E80069AF64 /* web_app in Resources */ = {isa = PBXBuildFile; fileRef = 740FAF3B1C8592E80069AF64 /* web_app */; };
		74ED55E61C86B6D000E57A72 /* Util.m in Sources */ = {isa = PBXBuildFile; fileRef = 74ED55E51C86B6D000E57A72 /* Util.m */; };
/* End PBXBuildFile section */

/* Begin PBXContainerItemProxy section */
		740612321C84423F00FE02EC /* PBXContainerItemProxy */ = {
			isa = PBXContainerItemProxy;
			containerPortal = 740612101C84423E00FE02EC /* Project object */;
			proxyType = 1;
			remoteGlobalIDString = 740612171C84423E00FE02EC;
			remoteInfo = TestWkweb;
		};
		7406123D1C84423F00FE02EC /* PBXContainerItemProxy */ = {
			isa = PBXContainerItemProxy;
			containerPortal = 740612101C84423E00FE02EC /* Project object */;
			proxyType = 1;
			remoteGlobalIDString = 740612171C84423E00FE02EC;
			remoteInfo = TestWkweb;
		};
/* End PBXContainerItemProxy section */

/* Begin PBXFileReference section */
		740612181C84423F00FE02EC /* TestWkweb.app */ = {isa = PBXFileReference; explicitFileType = wrapper.application; includeInIndex = 0; path = TestWkweb.app; sourceTree = BUILT_PRODUCTS_DIR; };
		7406121C1C84423F00FE02EC /* main.m */ = {isa = PBXFileReference; lastKnownFileType = sourcecode.c.objc; path = main.m; sourceTree = "<group>"; };
		7406121E1C84423F00FE02EC /* AppDelegate.h */ = {isa = PBXFileReference; lastKnownFileType = sourcecode.c.h; path = AppDelegate.h; sourceTree = "<group>"; };
		7406121F1C84423F00FE02EC /* AppDelegate.m */ = {isa = PBXFileReference; lastKnownFileType = sourcecode.c.objc; path = AppDelegate.m; sourceTree = "<group>"; };
		740612211C84423F00FE02EC /* ViewController.h */ = {isa = PBXFileReference; lastKnownFileType = sourcecode.c.h; path = ViewController.h; sourceTree = "<group>"; };
		740612221C84423F00FE02EC /* ViewController.m */ = {isa = PBXFileReference; lastKnownFileType = sourcecode.c.objc; path = ViewController.m; sourceTree = "<group>"; };
		740612251C84423F00FE02EC /* Base */ = {isa = PBXFileReference; lastKnownFileType = file.storyboard; name = Base; path = Base.lproj/Main.storyboard; sourceTree = "<group>"; };
		740612271C84423F00FE02EC /* Assets.xcassets */ = {isa = PBXFileReference; lastKnownFileType = folder.assetcatalog; path = Assets.xcassets; sourceTree = "<group>"; };
		7406122A1C84423F00FE02EC /* Base */ = {isa = PBXFileReference; lastKnownFileType = file.storyboard; name = Base; path = Base.lproj/LaunchScreen.storyboard; sourceTree = "<group>"; };
		7406122C1C84423F00FE02EC /* Info.plist */ = {isa = PBXFileReference; lastKnownFileType = text.plist.xml; path = Info.plist; sourceTree = "<group>"; };
		740612311C84423F00FE02EC /* TestWkwebTests.xctest */ = {isa = PBXFileReference; explicitFileType = wrapper.cfbundle; includeInIndex = 0; path = TestWkwebTests.xctest; sourceTree = BUILT_PRODUCTS_DIR; };
		740612351C84423F00FE02EC /* TestWkwebTests.m */ = {isa = PBXFileReference; lastKnownFileType = sourcecode.c.objc; path = TestWkwebTests.m; sourceTree = "<group>"; };
		740612371C84423F00FE02EC /* Info.plist */ = {isa = PBXFileReference; lastKnownFileType = text.plist.xml; path = Info.plist; sourceTree = "<group>"; };
		7406123C1C84423F00FE02EC /* TestWkwebUITests.xctest */ = {isa = PBXFileReference; explicitFileType = wrapper.cfbundle; includeInIndex = 0; path = TestWkwebUITests.xctest; sourceTree = BUILT_PRODUCTS_DIR; };
		740612401C84423F00FE02EC /* TestWkwebUITests.m */ = {isa = PBXFileReference; lastKnownFileType = sourcecode.c.objc; path = TestWkwebUITests.m; sourceTree = "<group>"; };
		740612421C84423F00FE02EC /* Info.plist */ = {isa = PBXFileReference; lastKnownFileType = text.plist.xml; path = Info.plist; sourceTree = "<group>"; };
		7409A96E1C868B0A000243CD /* WKButtonAction0.png */ = {isa = PBXFileReference; lastKnownFileType = image.png; path = WKButtonAction0.png; sourceTree = "<group>"; };
		7409A96F1C868B0A000243CD /* WKButtonAction1.png */ = {isa = PBXFileReference; lastKnownFileType = image.png; path = WKButtonAction1.png; sourceTree = "<group>"; };
		7409A9701C868B0A000243CD /* WKButtonAction2.png */ = {isa = PBXFileReference; lastKnownFileType = image.png; path = WKButtonAction2.png; sourceTree = "<group>"; };
		7409A9711C868B0A000243CD /* WKWebViewController.h */ = {isa = PBXFileReference; fileEncoding = 4; lastKnownFileType = sourcecode.c.h; path = WKWebViewController.h; sourceTree = "<group>"; };
		7409A9721C868B0A000243CD /* WKWebViewController.m */ = {isa = PBXFileReference; fileEncoding = 4; lastKnownFileType = sourcecode.c.objc; path = WKWebViewController.m; sourceTree = "<group>"; };
		740FAF3B1C8592E80069AF64 /* web_app */ = {isa = PBXFileReference; lastKnownFileType = folder; name = web_app; path = TestWkweb/web_app; sourceTree = "<group>"; };
		74ED55E41C86B6D000E57A72 /* Util.h */ = {isa = PBXFileReference; fileEncoding = 4; lastKnownFileType = sourcecode.c.h; path = Util.h; sourceTree = "<group>"; };
		74ED55E51C86B6D000E57A72 /* Util.m */ = {isa = PBXFileReference; fileEncoding = 4; lastKnownFileType = sourcecode.c.objc; path = Util.m; sourceTree = "<group>"; };
/* End PBXFileReference section */

/* Begin PBXFrameworksBuildPhase section */
		740612151C84423E00FE02EC /* Frameworks */ = {
			isa = PBXFrameworksBuildPhase;
			buildActionMask = 2147483647;
			files = (
			);
			runOnlyForDeploymentPostprocessing = 0;
		};
		7406122E1C84423F00FE02EC /* Frameworks */ = {
			isa = PBXFrameworksBuildPhase;
			buildActionMask = 2147483647;
			files = (
			);
			runOnlyForDeploymentPostprocessing = 0;
		};
		740612391C84423F00FE02EC /* Frameworks */ = {
			isa = PBXFrameworksBuildPhase;
			buildActionMask = 2147483647;
			files = (
			);
			runOnlyForDeploymentPostprocessing = 0;
		};
/* End PBXFrameworksBuildPhase section */

/* Begin PBXGroup section */
		7406120F1C84423E00FE02EC = {
			isa = PBXGroup;
			children = (
				74ED55E31C86B6AB00E57A72 /* ImagePicture */,
				7409A96D1C868B0A000243CD /* wkweblib */,
				740FAF3B1C8592E80069AF64 /* web_app */,
				7406121A1C84423F00FE02EC /* TestWkweb */,
				740612341C84423F00FE02EC /* TestWkwebTests */,
				7406123F1C84423F00FE02EC /* TestWkwebUITests */,
				740612191C84423F00FE02EC /* Products */,
			);
			sourceTree = "<group>";
		};
		740612191C84423F00FE02EC /* Products */ = {
			isa = PBXGroup;
			children = (
				740612181C84423F00FE02EC /* TestWkweb.app */,
				740612311C84423F00FE02EC /* TestWkwebTests.xctest */,
				7406123C1C84423F00FE02EC /* TestWkwebUITests.xctest */,
			);
			name = Products;
			sourceTree = "<group>";
		};
		7406121A1C84423F00FE02EC /* TestWkweb */ = {
			isa = PBXGroup;
			children = (
				7406121E1C84423F00FE02EC /* AppDelegate.h */,
				7406121F1C84423F00FE02EC /* AppDelegate.m */,
				740612211C84423F00FE02EC /* ViewController.h */,
				740612221C84423F00FE02EC /* ViewController.m */,
				740612241C84423F00FE02EC /* Main.storyboard */,
				740612271C84423F00FE02EC /* Assets.xcassets */,
				740612291C84423F00FE02EC /* LaunchScreen.storyboard */,
				7406122C1C84423F00FE02EC /* Info.plist */,
				7406121B1C84423F00FE02EC /* Supporting Files */,
			);
			path = TestWkweb;
			sourceTree = "<group>";
		};
		7406121B1C84423F00FE02EC /* Supporting Files */ = {
			isa = PBXGroup;
			children = (
				7406121C1C84423F00FE02EC /* main.m */,
			);
			name = "Supporting Files";
			sourceTree = "<group>";
		};
		740612341C84423F00FE02EC /* TestWkwebTests */ = {
			isa = PBXGroup;
			children = (
				740612351C84423F00FE02EC /* TestWkwebTests.m */,
				740612371C84423F00FE02EC /* Info.plist */,
			);
			path = TestWkwebTests;
			sourceTree = "<group>";
		};
		7406123F1C84423F00FE02EC /* TestWkwebUITests */ = {
			isa = PBXGroup;
			children = (
				740612401C84423F00FE02EC /* TestWkwebUITests.m */,
				740612421C84423F00FE02EC /* Info.plist */,
			);
			path = TestWkwebUITests;
			sourceTree = "<group>";
		};
		7409A96D1C868B0A000243CD /* wkweblib */ = {
			isa = PBXGroup;
			children = (
				7409A96E1C868B0A000243CD /* WKButtonAction0.png */,
				7409A96F1C868B0A000243CD /* WKButtonAction1.png */,
				7409A9701C868B0A000243CD /* WKButtonAction2.png */,
				7409A9711C868B0A000243CD /* WKWebViewController.h */,
				7409A9721C868B0A000243CD /* WKWebViewController.m */,
			);
			path = wkweblib;
			sourceTree = "<group>";
		};
		74ED55E31C86B6AB00E57A72 /* ImagePicture */ = {
			isa = PBXGroup;
			children = (
				74ED55E41C86B6D000E57A72 /* Util.h */,
				74ED55E51C86B6D000E57A72 /* Util.m */,
			);
			path = ImagePicture;
			sourceTree = "<group>";
		};
/* End PBXGroup section */

/* Begin PBXNativeTarget section */
		740612171C84423E00FE02EC /* TestWkweb */ = {
			isa = PBXNativeTarget;
			buildConfigurationList = 740612451C84423F00FE02EC /* Build configuration list for PBXNativeTarget "TestWkweb" */;
			buildPhases = (
				740612141C84423E00FE02EC /* Sources */,
				740612151C84423E00FE02EC /* Frameworks */,
				740612161C84423E00FE02EC /* Resources */,
			);
			buildRules = (
			);
			dependencies = (
			);
			name = TestWkweb;
			productName = TestWkweb;
			productReference = 740612181C84423F00FE02EC /* TestWkweb.app */;
			productType = "com.apple.product-type.application";
		};
		740612301C84423F00FE02EC /* TestWkwebTests */ = {
			isa = PBXNativeTarget;
			buildConfigurationList = 740612481C84423F00FE02EC /* Build configuration list for PBXNativeTarget "TestWkwebTests" */;
			buildPhases = (
				7406122D1C84423F00FE02EC /* Sources */,
				7406122E1C84423F00FE02EC /* Frameworks */,
				7406122F1C84423F00FE02EC /* Resources */,
			);
			buildRules = (
			);
			dependencies = (
				740612331C84423F00FE02EC /* PBXTargetDependency */,
			);
			name = TestWkwebTests;
			productName = TestWkwebTests;
			productReference = 740612311C84423F00FE02EC /* TestWkwebTests.xctest */;
			productType = "com.apple.product-type.bundle.unit-test";
		};
		7406123B1C84423F00FE02EC /* TestWkwebUITests */ = {
			isa = PBXNativeTarget;
			buildConfigurationList = 7406124B1C84423F00FE02EC /* Build configuration list for PBXNativeTarget "TestWkwebUITests" */;
			buildPhases = (
				740612381C84423F00FE02EC /* Sources */,
				740612391C84423F00FE02EC /* Frameworks */,
				7406123A1C84423F00FE02EC /* Resources */,
			);
			buildRules = (
			);
			dependencies = (
				7406123E1C84423F00FE02EC /* PBXTargetDependency */,
			);
			name = TestWkwebUITests;
			productName = TestWkwebUITests;
			productReference = 7406123C1C84423F00FE02EC /* TestWkwebUITests.xctest */;
			productType = "com.apple.product-type.bundle.ui-testing";
		};
/* End PBXNativeTarget section */

/* Begin PBXProject section */
		740612101C84423E00FE02EC /* Project object */ = {
			isa = PBXProject;
			attributes = {
				LastUpgradeCheck = 0720;
				ORGANIZATIONNAME = feng;
				TargetAttributes = {
					740612171C84423E00FE02EC = {
						CreatedOnToolsVersion = 7.2;
					};
					740612301C84423F00FE02EC = {
						CreatedOnToolsVersion = 7.2;
						TestTargetID = 740612171C84423E00FE02EC;
					};
					7406123B1C84423F00FE02EC = {
						CreatedOnToolsVersion = 7.2;
						TestTargetID = 740612171C84423E00FE02EC;
					};
				};
			};
			buildConfigurationList = 740612131C84423E00FE02EC /* Build configuration list for PBXProject "TestWkweb" */;
			compatibilityVersion = "Xcode 3.2";
			developmentRegion = English;
			hasScannedForEncodings = 0;
			knownRegions = (
				en,
				Base,
			);
			mainGroup = 7406120F1C84423E00FE02EC;
			productRefGroup = 740612191C84423F00FE02EC /* Products */;
			projectDirPath = "";
			projectRoot = "";
			targets = (
				740612171C84423E00FE02EC /* TestWkweb */,
				740612301C84423F00FE02EC /* TestWkwebTests */,
				7406123B1C84423F00FE02EC /* TestWkwebUITests */,
			);
		};
/* End PBXProject section */

/* Begin PBXResourcesBuildPhase section */
		740612161C84423E00FE02EC /* Resources */ = {
			isa = PBXResourcesBuildPhase;
			buildActionMask = 2147483647;
			files = (
				7406122B1C84423F00FE02EC /* LaunchScreen.storyboard in Resources */,
				740FAF3C1C8592E80069AF64 /* web_app in Resources */,
				740612281C84423F00FE02EC /* Assets.xcassets in Resources */,
				7409A9741C868B0A000243CD /* WKButtonAction1.png in Resources */,
				740612261C84423F00FE02EC /* Main.storyboard in Resources */,
				7409A9751C868B0A000243CD /* WKButtonAction2.png in Resources */,
				7409A9731C868B0A000243CD /* WKButtonAction0.png in Resources */,
			);
			runOnlyForDeploymentPostprocessing = 0;
		};
		7406122F1C84423F00FE02EC /* Resources */ = {
			isa = PBXResourcesBuildPhase;
			buildActionMask = 2147483647;
			files = (
			);
			runOnlyForDeploymentPostprocessing = 0;
		};
		7406123A1C84423F00FE02EC /* Resources */ = {
			isa = PBXResourcesBuildPhase;
			buildActionMask = 2147483647;
			files = (
			);
			runOnlyForDeploymentPostprocessing = 0;
		};
/* End PBXResourcesBuildPhase section */

/* Begin PBXSourcesBuildPhase section */
		740612141C84423E00FE02EC /* Sources */ = {
			isa = PBXSourcesBuildPhase;
			buildActionMask = 2147483647;
			files = (
				74ED55E61C86B6D000E57A72 /* Util.m in Sources */,
				740612231C84423F00FE02EC /* ViewController.m in Sources */,
				740612201C84423F00FE02EC /* AppDelegate.m in Sources */,
				7406121D1C84423F00FE02EC /* main.m in Sources */,
				7409A9761C868B0A000243CD /* WKWebViewController.m in Sources */,
			);
			runOnlyForDeploymentPostprocessing = 0;
		};
		7406122D1C84423F00FE02EC /* Sources */ = {
			isa = PBXSourcesBuildPhase;
			buildActionMask = 2147483647;
			files = (
				740612361C84423F00FE02EC /* TestWkwebTests.m in Sources */,
			);
			runOnlyForDeploymentPostprocessing = 0;
		};
		740612381C84423F00FE02EC /* Sources */ = {
			isa = PBXSourcesBuildPhase;
			buildActionMask = 2147483647;
			files = (
				740612411C84423F00FE02EC /* TestWkwebUITests.m in Sources */,
			);
			runOnlyForDeploymentPostprocessing = 0;
		};
/* End PBXSourcesBuildPhase section */

/* Begin PBXTargetDependency section */
		740612331C84423F00FE02EC /* PBXTargetDependency */ = {
			isa = PBXTargetDependency;
			target = 740612171C84423E00FE02EC /* TestWkweb */;
			targetProxy = 740612321C84423F00FE02EC /* PBXContainerItemProxy */;
		};
		7406123E1C84423F00FE02EC /* PBXTargetDependency */ = {
			isa = PBXTargetDependency;
			target = 740612171C84423E00FE02EC /* TestWkweb */;
			targetProxy = 7406123D1C84423F00FE02EC /* PBXContainerItemProxy */;
		};
/* End PBXTargetDependency section */

/* Begin PBXVariantGroup section */
		740612241C84423F00FE02EC /* Main.storyboard */ = {
			isa = PBXVariantGroup;
			children = (
				740612251C84423F00FE02EC /* Base */,
			);
			name = Main.storyboard;
			sourceTree = "<group>";
		};
		740612291C84423F00FE02EC /* LaunchScreen.storyboard */ = {
			isa = PBXVariantGroup;
			children = (
				7406122A1C84423F00FE02EC /* Base */,
			);
			name = LaunchScreen.storyboard;
			sourceTree = "<group>";
		};
/* End PBXVariantGroup section */

/* Begin XCBuildConfiguration section */
		740612431C84423F00FE02EC /* Debug */ = {
			isa = XCBuildConfiguration;
			buildSettings = {
				ALWAYS_SEARCH_USER_PATHS = NO;
				CLANG_CXX_LANGUAGE_STANDARD = "gnu++0x";
				CLANG_CXX_LIBRARY = "libc++";
				CLANG_ENABLE_MODULES = YES;
				CLANG_ENABLE_OBJC_ARC = YES;
				CLANG_WARN_BOOL_CONVERSION = YES;
				CLANG_WARN_CONSTANT_CONVERSION = YES;
				CLANG_WARN_DIRECT_OBJC_ISA_USAGE = YES_ERROR;
				CLANG_WARN_EMPTY_BODY = YES;
				CLANG_WARN_ENUM_CONVERSION = YES;
				CLANG_WARN_INT_CONVERSION = YES;
				CLANG_WARN_OBJC_ROOT_CLASS = YES_ERROR;
				CLANG_WARN_UNREACHABLE_CODE = YES;
				CLANG_WARN__DUPLICATE_METHOD_MATCH = YES;
				"CODE_SIGN_IDENTITY[sdk=iphoneos*]" = "iPhone Developer";
				COPY_PHASE_STRIP = NO;
				DEBUG_INFORMATION_FORMAT = dwarf;
				ENABLE_STRICT_OBJC_MSGSEND = YES;
				ENABLE_TESTABILITY = YES;
				GCC_C_LANGUAGE_STANDARD = gnu99;
				GCC_DYNAMIC_NO_PIC = NO;
				GCC_NO_COMMON_BLOCKS = YES;
				GCC_OPTIMIZATION_LEVEL = 0;
				GCC_PREPROCESSOR_DEFINITIONS = (
					"DEBUG=1",
					"$(inherited)",
				);
				GCC_WARN_64_TO_32_BIT_CONVERSION = YES;
				GCC_WARN_ABOUT_RETURN_TYPE = YES_ERROR;
				GCC_WARN_UNDECLARED_SELECTOR = YES;
				GCC_WARN_UNINITIALIZED_AUTOS = YES_AGGRESSIVE;
				GCC_WARN_UNUSED_FUNCTION = YES;
				GCC_WARN_UNUSED_VARIABLE = YES;
				IPHONEOS_DEPLOYMENT_TARGET = 9.2;
				MTL_ENABLE_DEBUG_INFO = YES;
				ONLY_ACTIVE_ARCH = YES;
				SDKROOT = iphoneos;
				TARGETED_DEVICE_FAMILY = "1,2";
			};
			name = Debug;
		};
		740612441C84423F00FE02EC /* Release */ = {
			isa = XCBuildConfiguration;
			buildSettings = {
				ALWAYS_SEARCH_USER_PATHS = NO;
				CLANG_CXX_LANGUAGE_STANDARD = "gnu++0x";
				CLANG_CXX_LIBRARY = "libc++";
				CLANG_ENABLE_MODULES = YES;
				CLANG_ENABLE_OBJC_ARC = YES;
				CLANG_WARN_BOOL_CONVERSION = YES;
				CLANG_WARN_CONSTANT_CONVERSION = YES;
				CLANG_WARN_DIRECT_OBJC_ISA_USAGE = YES_ERROR;
				CLANG_WARN_EMPTY_BODY = YES;
				CLANG_WARN_ENUM_CONVERSION = YES;
				CLANG_WARN_INT_CONVERSION = YES;
				CLANG_WARN_OBJC_ROOT_CLASS = YES_ERROR;
				CLANG_WARN_UNREACHABLE_CODE = YES;
				CLANG_WARN__DUPLICATE_METHOD_MATCH = YES;
				"CODE_SIGN_IDENTITY[sdk=iphoneos*]" = "iPhone Developer";
				COPY_PHASE_STRIP = NO;
				DEBUG_INFORMATION_FORMAT = "dwarf-with-dsym";
				ENABLE_NS_ASSERTIONS = NO;
				ENABLE_STRICT_OBJC_MSGSEND = YES;
				GCC_C_LANGUAGE_STANDARD = gnu99;
				GCC_NO_COMMON_BLOCKS = YES;
				GCC_WARN_64_TO_32_BIT_CONVERSION = YES;
				GCC_WARN_ABOUT_RETURN_TYPE = YES_ERROR;
				GCC_WARN_UNDECLARED_SELECTOR = YES;
				GCC_WARN_UNINITIALIZED_AUTOS = YES_AGGRESSIVE;
				GCC_WARN_UNUSED_FUNCTION = YES;
				GCC_WARN_UNUSED_VARIABLE = YES;
				IPHONEOS_DEPLOYMENT_TARGET = 9.2;
				MTL_ENABLE_DEBUG_INFO = NO;
				SDKROOT = iphoneos;
				TARGETED_DEVICE_FAMILY = "1,2";
				VALIDATE_PRODUCT = YES;
			};
			name = Release;
		};
		740612461C84423F00FE02EC /* Debug */ = {
			isa = XCBuildConfiguration;
			buildSettings = {
				ASSETCATALOG_COMPILER_APPICON_NAME = AppIcon;
				CODE_SIGN_IDENTITY = "iPhone Developer: ZHEN LI (BAR3B32YJS)";
				"CODE_SIGN_IDENTITY[sdk=iphoneos*]" = "iPhone Developer: ZHEN LI (BAR3B32YJS)";
				INFOPLIST_FILE = TestWkweb/Info.plist;
				IPHONEOS_DEPLOYMENT_TARGET = 9.0;
				LD_RUNPATH_SEARCH_PATHS = "$(inherited) @executable_path/Frameworks";
				PRODUCT_BUNDLE_IDENTIFIER = feng.TestWkweb;
				PRODUCT_NAME = "$(TARGET_NAME)";
				PROVISIONING_PROFILE = "03190ef4-af43-4757-8bf5-559ab8b809ed";
			};
			name = Debug;
		};
		740612471C84423F00FE02EC /* Release */ = {
			isa = XCBuildConfiguration;
			buildSettings = {
				ASSETCATALOG_COMPILER_APPICON_NAME = AppIcon;
				CODE_SIGN_IDENTITY = "iPhone Developer: ZHEN LI (BAR3B32YJS)";
				"CODE_SIGN_IDENTITY[sdk=iphoneos*]" = "iPhone Developer: ZHEN LI (BAR3B32YJS)";
				INFOPLIST_FILE = TestWkweb/Info.plist;
				IPHONEOS_DEPLOYMENT_TARGET = 9.0;
				LD_RUNPATH_SEARCH_PATHS = "$(inherited) @executable_path/Frameworks";
				PRODUCT_BUNDLE_IDENTIFIER = feng.TestWkweb;
				PRODUCT_NAME = "$(TARGET_NAME)";
				PROVISIONING_PROFILE = "03190ef4-af43-4757-8bf5-559ab8b809ed";
			};
			name = Release;
		};
		740612491C84423F00FE02EC /* Debug */ = {
			isa = XCBuildConfiguration;
			buildSettings = {
				BUNDLE_LOADER = "$(TEST_HOST)";
				INFOPLIST_FILE = TestWkwebTests/Info.plist;
				LD_RUNPATH_SEARCH_PATHS = "$(inherited) @executable_path/Frameworks @loader_path/Frameworks";
				PRODUCT_BUNDLE_IDENTIFIER = feng.TestWkwebTests;
				PRODUCT_NAME = "$(TARGET_NAME)";
				TEST_HOST = "$(BUILT_PRODUCTS_DIR)/TestWkweb.app/TestWkweb";
			};
			name = Debug;
		};
		7406124A1C84423F00FE02EC /* Release */ = {
			isa = XCBuildConfiguration;
			buildSettings = {
				BUNDLE_LOADER = "$(TEST_HOST)";
				INFOPLIST_FILE = TestWkwebTests/Info.plist;
				LD_RUNPATH_SEARCH_PATHS = "$(inherited) @executable_path/Frameworks @loader_path/Frameworks";
				PRODUCT_BUNDLE_IDENTIFIER = feng.TestWkwebTests;
				PRODUCT_NAME = "$(TARGET_NAME)";
				TEST_HOST = "$(BUILT_PRODUCTS_DIR)/TestWkweb.app/TestWkweb";
			};
			name = Release;
		};
		7406124C1C84423F00FE02EC /* Debug */ = {
			isa = XCBuildConfiguration;
			buildSettings = {
				INFOPLIST_FILE = TestWkwebUITests/Info.plist;
				LD_RUNPATH_SEARCH_PATHS = "$(inherited) @executable_path/Frameworks @loader_path/Frameworks";
				PRODUCT_BUNDLE_IDENTIFIER = feng.TestWkwebUITests;
				PRODUCT_NAME = "$(TARGET_NAME)";
				TEST_TARGET_NAME = TestWkweb;
				USES_XCTRUNNER = YES;
			};
			name = Debug;
		};
		7406124D1C84423F00FE02EC /* Release */ = {
			isa = XCBuildConfiguration;
			buildSettings = {
				INFOPLIST_FILE = TestWkwebUITests/Info.plist;
				LD_RUNPATH_SEARCH_PATHS = "$(inherited) @executable_path/Frameworks @loader_path/Frameworks";
				PRODUCT_BUNDLE_IDENTIFIER = feng.TestWkwebUITests;
				PRODUCT_NAME = "$(TARGET_NAME)";
				TEST_TARGET_NAME = TestWkweb;
				USES_XCTRUNNER = YES;
			};
			name = Release;
		};
/* End XCBuildConfiguration section */

/* Begin XCConfigurationList section */
		740612131C84423E00FE02EC /* Build configuration list for PBXProject "TestWkweb" */ = {
			isa = XCConfigurationList;
			buildConfigurations = (
				740612431C84423F00FE02EC /* Debug */,
				740612441C84423F00FE02EC /* Release */,
			);
			defaultConfigurationIsVisible = 0;
			defaultConfigurationName = Release;
		};
		740612451C84423F00FE02EC /* Build configuration list for PBXNativeTarget "TestWkweb" */ = {
			isa = XCConfigurationList;
			buildConfigurations = (
				740612461C84423F00FE02EC /* Debug */,
				740612471C84423F00FE02EC /* Release */,
			);
			defaultConfigurationIsVisible = 0;
			defaultConfigurationName = Release;
		};
		740612481C84423F00FE02EC /* Build configuration list for PBXNativeTarget "TestWkwebTests" */ = {
			isa = XCConfigurationList;
			buildConfigurations = (
				740612491C84423F00FE02EC /* Debug */,
				7406124A1C84423F00FE02EC /* Release */,
			);
			defaultConfigurationIsVisible = 0;
			defaultConfigurationName = Release;
		};
		7406124B1C84423F00FE02EC /* Build configuration list for PBXNativeTarget "TestWkwebUITests" */ = {
			isa = XCConfigurationList;
			buildConfigurations = (
				7406124C1C84423F00FE02EC /* Debug */,
				7406124D1C84423F00FE02EC /* Release */,
			);
			defaultConfigurationIsVisible = 0;
			defaultConfigurationName = Release;
		};
/* End XCConfigurationList section */
	};
	rootObject = 740612101C84423E00FE02EC /* Project object */;
}
